
Microsoft Visual Studio Solution File, Format Version 12.00
# Visual Studio Version 17
VisualStudioVersion = 17.2.32630.192
MinimumVisualStudioVersion = 10.0.40219.1
Project("{9A19103F-16F7-4668-BE54-9A1E7A4F7556}") = "BackendAPI.Application", "BackendAPI\BackendAPI.Application\BackendAPI.Application.csproj", "{4B3945D7-E71C-46B5-A40E-A2F1F68A3555}"
EndProject
Project("{9A19103F-16F7-4668-BE54-9A1E7A4F7556}") = "BackendAPI.Core", "BackendAPI\BackendAPI.Core\BackendAPI.Core.csproj", "{B4F62516-3013-4331-8888-8252A8094D07}"
EndProject
Project("{9A19103F-16F7-4668-BE54-9A1E7A4F7556}") = "BackendAPI.Web.Core", "BackendAPI\BackendAPI.Web.Core\BackendAPI.Web.Core.csproj", "{E56EBC71-A0CA-455F-9152-CC2C8A2503CE}"
EndProject
Project("{9A19103F-16F7-4668-BE54-9A1E7A4F7556}") = "BackendAPI.Web.Entry", "BackendAPI\BackendAPI.Web.Entry\BackendAPI.Web.Entry.csproj", "{251E5C5D-DD34-4FEC-98AA-A3B1224A2784}"
EndProject
Project("{9A19103F-16F7-4668-BE54-9A1E7A4F7556}") = "Furion.Pure", "..\..\..\Furion\framework\Furion.Pure\Furion.Pure.csproj", "{8812BEDA-F159-4B7B-A429-63845DDB182D}"
EndProject
Project("{9A19103F-16F7-4668-BE54-9A1E7A4F7556}") = "TestConsole", "TestConsole\TestConsole.csproj", "{298B929F-000F-4266-BF42-FB75F43629E9}"
EndProject
Project("{FAE04EC0-301F-11D3-BF4B-00C04F79EFBC}") = "WebApplication1", "WebApplication1\WebApplication1.csproj", "{3B5CC498-5618-401E-A9C0-AF6B1AE25C39}"
EndProject
Global
	GlobalSection(SolutionConfigurationPlatforms) = preSolution
		Debug|Any CPU = Debug|Any CPU
		Release|Any CPU = Release|Any CPU
	EndGlobalSection
	GlobalSection(ProjectConfigurationPlatforms) = postSolution
		{4B3945D7-E71C-46B5-A40E-A2F1F68A3555}.Debug|Any CPU.ActiveCfg = Debug|Any CPU
		{4B3945D7-E71C-46B5-A40E-A2F1F68A3555}.Debug|Any CPU.Build.0 = Debug|Any CPU
		{4B3945D7-E71C-46B5-A40E-A2F1F68A3555}.Release|Any CPU.ActiveCfg = Release|Any CPU
		{4B3945D7-E71C-46B5-A40E-A2F1F68A3555}.Release|Any CPU.Build.0 = Release|Any CPU
		{B4F62516-3013-4331-8888-8252A8094D07}.Debug|Any CPU.ActiveCfg = Debug|Any CPU
		{B4F62516-3013-4331-8888-8252A8094D07}.Debug|Any CPU.Build.0 = Debug|Any CPU
		{B4F62516-3013-4331-8888-8252A8094D07}.Release|Any CPU.ActiveCfg = Release|Any CPU
		{B4F62516-3013-4331-8888-8252A8094D07}.Release|Any CPU.Build.0 = Release|Any CPU
		{E56EBC71-A0CA-455F-9152-CC2C8A2503CE}.Debug|Any CPU.ActiveCfg = Debug|Any CPU
		{E56EBC71-A0CA-455F-9152-CC2C8A2503CE}.Debug|Any CPU.Build.0 = Debug|Any CPU
		{E56EBC71-A0CA-455F-9152-CC2C8A2503CE}.Release|Any CPU.ActiveCfg = Release|Any CPU
		{E56EBC71-A0CA-455F-9152-CC2C8A2503CE}.Release|Any CPU.Build.0 = Release|Any CPU
		{251E5C5D-DD34-4FEC-98AA-A3B1224A2784}.Debug|Any CPU.ActiveCfg = Debug|Any CPU
		{251E5C5D-DD34-4FEC-98AA-A3B1224A2784}.Debug|Any CPU.Build.0 = Debug|Any CPU
		{251E5C5D-DD34-4FEC-98AA-A3B1224A2784}.Release|Any CPU.ActiveCfg = Release|Any CPU
		{251E5C5D-DD34-4FEC-98AA-A3B1224A2784}.Release|Any CPU.Build.0 = Release|Any CPU
		{8812BEDA-F159-4B7B-A429-63845DDB182D}.Debug|Any CPU.ActiveCfg = Debug|Any CPU
		{8812BEDA-F159-4B7B-A429-63845DDB182D}.Debug|Any CPU.Build.0 = Debug|Any CPU
		{8812BEDA-F159-4B7B-A429-63845DDB182D}.Release|Any CPU.ActiveCfg = Release|Any CPU
		{8812BEDA-F159-4B7B-A429-63845DDB182D}.Release|Any CPU.Build.0 = Release|Any CPU
		{298B929F-000F-4266-BF42-FB75F43629E9}.Debug|Any CPU.ActiveCfg = Debug|Any CPU
		{298B929F-000F-4266-BF42-FB75F43629E9}.Debug|Any CPU.Build.0 = Debug|Any CPU
		{298B929F-000F-4266-BF42-FB75F43629E9}.Release|Any CPU.ActiveCfg = Release|Any CPU
		{298B929F-000F-4266-BF42-FB75F43629E9}.Release|Any CPU.Build.0 = Release|Any CPU
		{3B5CC498-5618-401E-A9C0-AF6B1AE25C39}.Debug|Any CPU.ActiveCfg = Debug|Any CPU
		{3B5CC498-5618-401E-A9C0-AF6B1AE25C39}.Debug|Any CPU.Build.0 = Debug|Any CPU
		{3B5CC498-5618-401E-A9C0-AF6B1AE25C39}.Release|Any CPU.ActiveCfg = Release|Any CPU
		{3B5CC498-5618-401E-A9C0-AF6B1AE25C39}.Release|Any CPU.Build.0 = Release|Any CPU
	EndGlobalSection
	GlobalSection(SolutionProperties) = preSolution
		HideSolutionNode = FALSE
	EndGlobalSection
	GlobalSection(ExtensibilityGlobals) = postSolution
		SolutionGuid = {417E2CCB-D31C-4FCF-B0B8-D244311FDF16}
	EndGlobalSection
EndGlobal
